
Microsoft Visual Studio Solution File, Format Version 12.00
# Visual Studio Version 17
VisualStudioVersion = 17.0.31611.283
MinimumVisualStudioVersion = 10.0.40219.1
Project("{9A19103F-16F7-4668-BE54-9A1E7A4F7556}") = "SimpleToolkit.Template.Maui", "SimpleToolkit.Template.Maui\SimpleToolkit.Template.Maui.csproj", "{3735A0EE-19C4-43D7-A701-13D39C12C60F}"
EndProject
Project("{FAE04EC0-301F-11D3-BF4B-00C04F79EFBC}") = "SimpleToolkit.Template.Core", "SimpleToolkit.Template.Core\SimpleToolkit.Template.Core.csproj", "{28BB7E8B-AE81-4162-A27A-24FB79EFACAC}"
EndProject
Global
	GlobalSection(SolutionConfigurationPlatforms) = preSolution
		Debug|Any CPU = Debug|Any CPU
		Release|Any CPU = Release|Any CPU
	EndGlobalSection
	GlobalSection(ProjectConfigurationPlatforms) = postSolution
		{3735A0EE-19C4-43D7-A701-13D39C12C60F}.Debug|Any CPU.ActiveCfg = Debug|Any CPU
		{3735A0EE-19C4-43D7-A701-13D39C12C60F}.Debug|Any CPU.Build.0 = Debug|Any CPU
		{3735A0EE-19C4-43D7-A701-13D39C12C60F}.Debug|Any CPU.Deploy.0 = Debug|Any CPU
		{3735A0EE-19C4-43D7-A701-13D39C12C60F}.Release|Any CPU.ActiveCfg = Release|Any CPU
		{3735A0EE-19C4-43D7-A701-13D39C12C60F}.Release|Any CPU.Build.0 = Release|Any CPU
		{3735A0EE-19C4-43D7-A701-13D39C12C60F}.Release|Any CPU.Deploy.0 = Release|Any CPU
		{28BB7E8B-AE81-4162-A27A-24FB79EFACAC}.Debug|Any CPU.ActiveCfg = Debug|Any CPU
		{28BB7E8B-AE81-4162-A27A-24FB79EFACAC}.Debug|Any CPU.Build.0 = Debug|Any CPU
		{28BB7E8B-AE81-4162-A27A-24FB79EFACAC}.Release|Any CPU.ActiveCfg = Release|Any CPU
		{28BB7E8B-AE81-4162-A27A-24FB79EFACAC}.Release|Any CPU.Build.0 = Release|Any CPU
	EndGlobalSection
	GlobalSection(SolutionProperties) = preSolution
		HideSolutionNode = FALSE
	EndGlobalSection
	GlobalSection(ExtensibilityGlobals) = postSolution
		SolutionGuid = {61F7FB11-1E47-470C-91E2-47F8143E1572}
	EndGlobalSection
EndGlobal
