
Microsoft Visual Studio Solution File, Format Version 12.00
# Visual Studio Version 17
VisualStudioVersion = 17.0.31611.283
MinimumVisualStudioVersion = 10.0.40219.1
Project("{9A19103F-16F7-4668-BE54-9A1E7A4F7556}") = "SimpleShellSample", "SimpleShellSample\SimpleShellSample.csproj", "{9A083BAC-06A3-49C2-A941-A7A308FBBD7D}"
EndProject
Project("{9A19103F-16F7-4668-BE54-9A1E7A4F7556}") = "Radek.SimpleShell", "Radek.SimpleShell\Radek.SimpleShell.csproj", "{86571D5F-B06F-4708-8394-C96256546203}"
EndProject
Project("{FAE04EC0-301F-11D3-BF4B-00C04F79EFBC}") = "Radek.SimpleShell.Controls", "Radek.SimpleShell.Controls\Radek.SimpleShell.Controls.csproj", "{EBEE77C4-5F44-41BB-9936-F78DC4560775}"
EndProject
Global
	GlobalSection(SolutionConfigurationPlatforms) = preSolution
		Debug|Any CPU = Debug|Any CPU
		Release|Any CPU = Release|Any CPU
	EndGlobalSection
	GlobalSection(ProjectConfigurationPlatforms) = postSolution
		{9A083BAC-06A3-49C2-A941-A7A308FBBD7D}.Debug|Any CPU.ActiveCfg = Debug|Any CPU
		{9A083BAC-06A3-49C2-A941-A7A308FBBD7D}.Debug|Any CPU.Build.0 = Debug|Any CPU
		{9A083BAC-06A3-49C2-A941-A7A308FBBD7D}.Debug|Any CPU.Deploy.0 = Debug|Any CPU
		{9A083BAC-06A3-49C2-A941-A7A308FBBD7D}.Release|Any CPU.ActiveCfg = Release|Any CPU
		{9A083BAC-06A3-49C2-A941-A7A308FBBD7D}.Release|Any CPU.Build.0 = Release|Any CPU
		{9A083BAC-06A3-49C2-A941-A7A308FBBD7D}.Release|Any CPU.Deploy.0 = Release|Any CPU
		{86571D5F-B06F-4708-8394-C96256546203}.Debug|Any CPU.ActiveCfg = Debug|Any CPU
		{86571D5F-B06F-4708-8394-C96256546203}.Debug|Any CPU.Build.0 = Debug|Any CPU
		{86571D5F-B06F-4708-8394-C96256546203}.Release|Any CPU.ActiveCfg = Release|Any CPU
		{86571D5F-B06F-4708-8394-C96256546203}.Release|Any CPU.Build.0 = Release|Any CPU
		{EBEE77C4-5F44-41BB-9936-F78DC4560775}.Debug|Any CPU.ActiveCfg = Debug|Any CPU
		{EBEE77C4-5F44-41BB-9936-F78DC4560775}.Debug|Any CPU.Build.0 = Debug|Any CPU
		{EBEE77C4-5F44-41BB-9936-F78DC4560775}.Release|Any CPU.ActiveCfg = Release|Any CPU
		{EBEE77C4-5F44-41BB-9936-F78DC4560775}.Release|Any CPU.Build.0 = Release|Any CPU
	EndGlobalSection
	GlobalSection(SolutionProperties) = preSolution
		HideSolutionNode = FALSE
	EndGlobalSection
	GlobalSection(ExtensibilityGlobals) = postSolution
		SolutionGuid = {61F7FB11-1E47-470C-91E2-47F8143E1572}
	EndGlobalSection
EndGlobal
