
Microsoft Visual Studio Solution File, Format Version 12.00
# Visual Studio Version 17
VisualStudioVersion = 17.0.31611.283
MinimumVisualStudioVersion = 10.0.40219.1
Project("{9A19103F-16F7-4668-BE54-9A1E7A4F7556}") = "SimpleToolkit.SimpleShell", "SimpleToolkit.SimpleShell\SimpleToolkit.SimpleShell.csproj", "{86571D5F-B06F-4708-8394-C96256546203}"
EndProject
Project("{9A19103F-16F7-4668-BE54-9A1E7A4F7556}") = "SimpleToolkit.SimpleShell.Controls", "SimpleToolkit.SimpleShell.Controls\SimpleToolkit.SimpleShell.Controls.csproj", "{EBEE77C4-5F44-41BB-9936-F78DC4560775}"
EndProject
Project("{9A19103F-16F7-4668-BE54-9A1E7A4F7556}") = "SimpleToolkit.Playground", "SimpleToolkit.Playground\SimpleToolkit.Playground.csproj", "{D0CDE37C-2A42-407C-9BC1-54EE23786DD4}"
EndProject
Project("{9A19103F-16F7-4668-BE54-9A1E7A4F7556}") = "SimpleToolkit.Core", "SimpleToolkit.Core\SimpleToolkit.Core.csproj", "{F38F8824-2D2A-4601-81D5-F1AAD7870928}"
EndProject
Project("{9A19103F-16F7-4668-BE54-9A1E7A4F7556}") = "SimpleToolkit.SimpleShellSample", "SimpleToolkit.SimpleShellSample\SimpleToolkit.SimpleShellSample.csproj", "{648738C7-922B-46B4-A40D-2BB25292DF83}"
EndProject
Global
	GlobalSection(SolutionConfigurationPlatforms) = preSolution
		Debug|Any CPU = Debug|Any CPU
		Release|Any CPU = Release|Any CPU
	EndGlobalSection
	GlobalSection(ProjectConfigurationPlatforms) = postSolution
		{86571D5F-B06F-4708-8394-C96256546203}.Debug|Any CPU.ActiveCfg = Debug|Any CPU
		{86571D5F-B06F-4708-8394-C96256546203}.Debug|Any CPU.Build.0 = Debug|Any CPU
		{86571D5F-B06F-4708-8394-C96256546203}.Release|Any CPU.ActiveCfg = Release|Any CPU
		{86571D5F-B06F-4708-8394-C96256546203}.Release|Any CPU.Build.0 = Release|Any CPU
		{EBEE77C4-5F44-41BB-9936-F78DC4560775}.Debug|Any CPU.ActiveCfg = Debug|Any CPU
		{EBEE77C4-5F44-41BB-9936-F78DC4560775}.Debug|Any CPU.Build.0 = Debug|Any CPU
		{EBEE77C4-5F44-41BB-9936-F78DC4560775}.Release|Any CPU.ActiveCfg = Release|Any CPU
		{EBEE77C4-5F44-41BB-9936-F78DC4560775}.Release|Any CPU.Build.0 = Release|Any CPU
		{D0CDE37C-2A42-407C-9BC1-54EE23786DD4}.Debug|Any CPU.ActiveCfg = Debug|Any CPU
		{D0CDE37C-2A42-407C-9BC1-54EE23786DD4}.Debug|Any CPU.Build.0 = Debug|Any CPU
		{D0CDE37C-2A42-407C-9BC1-54EE23786DD4}.Debug|Any CPU.Deploy.0 = Debug|Any CPU
		{D0CDE37C-2A42-407C-9BC1-54EE23786DD4}.Release|Any CPU.ActiveCfg = Release|Any CPU
		{D0CDE37C-2A42-407C-9BC1-54EE23786DD4}.Release|Any CPU.Build.0 = Release|Any CPU
		{D0CDE37C-2A42-407C-9BC1-54EE23786DD4}.Release|Any CPU.Deploy.0 = Release|Any CPU
		{F38F8824-2D2A-4601-81D5-F1AAD7870928}.Debug|Any CPU.ActiveCfg = Debug|Any CPU
		{F38F8824-2D2A-4601-81D5-F1AAD7870928}.Debug|Any CPU.Build.0 = Debug|Any CPU
		{F38F8824-2D2A-4601-81D5-F1AAD7870928}.Release|Any CPU.ActiveCfg = Release|Any CPU
		{F38F8824-2D2A-4601-81D5-F1AAD7870928}.Release|Any CPU.Build.0 = Release|Any CPU
		{648738C7-922B-46B4-A40D-2BB25292DF83}.Debug|Any CPU.ActiveCfg = Debug|Any CPU
		{648738C7-922B-46B4-A40D-2BB25292DF83}.Debug|Any CPU.Build.0 = Debug|Any CPU
		{648738C7-922B-46B4-A40D-2BB25292DF83}.Debug|Any CPU.Deploy.0 = Debug|Any CPU
		{648738C7-922B-46B4-A40D-2BB25292DF83}.Release|Any CPU.ActiveCfg = Release|Any CPU
		{648738C7-922B-46B4-A40D-2BB25292DF83}.Release|Any CPU.Build.0 = Release|Any CPU
	EndGlobalSection
	GlobalSection(SolutionProperties) = preSolution
		HideSolutionNode = FALSE
	EndGlobalSection
	GlobalSection(ExtensibilityGlobals) = postSolution
		SolutionGuid = {61F7FB11-1E47-470C-91E2-47F8143E1572}
	EndGlobalSection
EndGlobal
