
Microsoft Visual Studio Solution File, Format Version 12.00
# Visual Studio Version 17
VisualStudioVersion = 17.0.31611.283
MinimumVisualStudioVersion = 10.0.40219.1
Project("{9A19103F-16F7-4668-BE54-9A1E7A4F7556}") = "SimpleToolkit.SimpleShell", "SimpleToolkit.SimpleShell\SimpleToolkit.SimpleShell.csproj", "{86571D5F-B06F-4708-8394-C96256546203}"
EndProject
Project("{9A19103F-16F7-4668-BE54-9A1E7A4F7556}") = "SimpleToolkit.SimpleShell.Controls", "SimpleToolkit.SimpleShell.Controls\SimpleToolkit.SimpleShell.Controls.csproj", "{EBEE77C4-5F44-41BB-9936-F78DC4560775}"
EndProject
Project("{9A19103F-16F7-4668-BE54-9A1E7A4F7556}") = "Playground.Original", "Playground\Playground.Original\Playground.Original.csproj", "{D0CDE37C-2A42-407C-9BC1-54EE23786DD4}"
EndProject
Project("{9A19103F-16F7-4668-BE54-9A1E7A4F7556}") = "SimpleToolkit.Core", "SimpleToolkit.Core\SimpleToolkit.Core.csproj", "{F38F8824-2D2A-4601-81D5-F1AAD7870928}"
EndProject
Project("{9A19103F-16F7-4668-BE54-9A1E7A4F7556}") = "Sample.SimpleShell", "Samples\Sample.SimpleShell\Sample.SimpleShell.csproj", "{648738C7-922B-46B4-A40D-2BB25292DF83}"
EndProject
Project("{2150E333-8FDC-42A3-9474-1A3956D46DE8}") = "Playground", "Playground", "{3CD71F7F-BBF6-4380-9EC2-D8EB9E6E0364}"
EndProject
Project("{2150E333-8FDC-42A3-9474-1A3956D46DE8}") = "Samples", "Samples", "{7ADF018F-53B1-41E8-B7DE-B5C283AAFB81}"
EndProject
Project("{9A19103F-16F7-4668-BE54-9A1E7A4F7556}") = "Sample.SimpleShellTopBar", "Samples\Sample.SimpleShellTopBar\Sample.SimpleShellTopBar.csproj", "{C6216298-CF38-4033-9F6F-86B22D9ADF77}"
EndProject
Project("{FAE04EC0-301F-11D3-BF4B-00C04F79EFBC}") = "Sample.SimpleShellSharpnadoTabs", "Samples\Sample.SimpleShellSharpnadoTabs\Sample.SimpleShellSharpnadoTabs.csproj", "{73BD50B4-9C44-4CA0-8E5E-C5E22CEC9DF0}"
EndProject
Project("{FAE04EC0-301F-11D3-BF4B-00C04F79EFBC}") = "Sample.Core", "Samples\Sample.Core\Sample.Core.csproj", "{AAA21391-9A46-4981-9103-135A0378E148}"
EndProject
Global
	GlobalSection(SolutionConfigurationPlatforms) = preSolution
		Debug|Any CPU = Debug|Any CPU
		Release|Any CPU = Release|Any CPU
	EndGlobalSection
	GlobalSection(ProjectConfigurationPlatforms) = postSolution
		{86571D5F-B06F-4708-8394-C96256546203}.Debug|Any CPU.ActiveCfg = Debug|Any CPU
		{86571D5F-B06F-4708-8394-C96256546203}.Debug|Any CPU.Build.0 = Debug|Any CPU
		{86571D5F-B06F-4708-8394-C96256546203}.Release|Any CPU.ActiveCfg = Release|Any CPU
		{86571D5F-B06F-4708-8394-C96256546203}.Release|Any CPU.Build.0 = Release|Any CPU
		{EBEE77C4-5F44-41BB-9936-F78DC4560775}.Debug|Any CPU.ActiveCfg = Debug|Any CPU
		{EBEE77C4-5F44-41BB-9936-F78DC4560775}.Debug|Any CPU.Build.0 = Debug|Any CPU
		{EBEE77C4-5F44-41BB-9936-F78DC4560775}.Release|Any CPU.ActiveCfg = Release|Any CPU
		{EBEE77C4-5F44-41BB-9936-F78DC4560775}.Release|Any CPU.Build.0 = Release|Any CPU
		{D0CDE37C-2A42-407C-9BC1-54EE23786DD4}.Debug|Any CPU.ActiveCfg = Debug|Any CPU
		{D0CDE37C-2A42-407C-9BC1-54EE23786DD4}.Debug|Any CPU.Build.0 = Debug|Any CPU
		{D0CDE37C-2A42-407C-9BC1-54EE23786DD4}.Debug|Any CPU.Deploy.0 = Debug|Any CPU
		{D0CDE37C-2A42-407C-9BC1-54EE23786DD4}.Release|Any CPU.ActiveCfg = Release|Any CPU
		{D0CDE37C-2A42-407C-9BC1-54EE23786DD4}.Release|Any CPU.Build.0 = Release|Any CPU
		{D0CDE37C-2A42-407C-9BC1-54EE23786DD4}.Release|Any CPU.Deploy.0 = Release|Any CPU
		{F38F8824-2D2A-4601-81D5-F1AAD7870928}.Debug|Any CPU.ActiveCfg = Debug|Any CPU
		{F38F8824-2D2A-4601-81D5-F1AAD7870928}.Debug|Any CPU.Build.0 = Debug|Any CPU
		{F38F8824-2D2A-4601-81D5-F1AAD7870928}.Release|Any CPU.ActiveCfg = Release|Any CPU
		{F38F8824-2D2A-4601-81D5-F1AAD7870928}.Release|Any CPU.Build.0 = Release|Any CPU
		{648738C7-922B-46B4-A40D-2BB25292DF83}.Debug|Any CPU.ActiveCfg = Debug|Any CPU
		{648738C7-922B-46B4-A40D-2BB25292DF83}.Debug|Any CPU.Build.0 = Debug|Any CPU
		{648738C7-922B-46B4-A40D-2BB25292DF83}.Debug|Any CPU.Deploy.0 = Debug|Any CPU
		{648738C7-922B-46B4-A40D-2BB25292DF83}.Release|Any CPU.ActiveCfg = Release|Any CPU
		{648738C7-922B-46B4-A40D-2BB25292DF83}.Release|Any CPU.Build.0 = Release|Any CPU
		{C6216298-CF38-4033-9F6F-86B22D9ADF77}.Debug|Any CPU.ActiveCfg = Debug|Any CPU
		{C6216298-CF38-4033-9F6F-86B22D9ADF77}.Debug|Any CPU.Build.0 = Debug|Any CPU
		{C6216298-CF38-4033-9F6F-86B22D9ADF77}.Debug|Any CPU.Deploy.0 = Debug|Any CPU
		{C6216298-CF38-4033-9F6F-86B22D9ADF77}.Release|Any CPU.ActiveCfg = Release|Any CPU
		{C6216298-CF38-4033-9F6F-86B22D9ADF77}.Release|Any CPU.Build.0 = Release|Any CPU
		{C6216298-CF38-4033-9F6F-86B22D9ADF77}.Release|Any CPU.Deploy.0 = Release|Any CPU
		{73BD50B4-9C44-4CA0-8E5E-C5E22CEC9DF0}.Debug|Any CPU.ActiveCfg = Debug|Any CPU
		{73BD50B4-9C44-4CA0-8E5E-C5E22CEC9DF0}.Debug|Any CPU.Build.0 = Debug|Any CPU
		{73BD50B4-9C44-4CA0-8E5E-C5E22CEC9DF0}.Debug|Any CPU.Deploy.0 = Debug|Any CPU
		{73BD50B4-9C44-4CA0-8E5E-C5E22CEC9DF0}.Release|Any CPU.ActiveCfg = Release|Any CPU
		{73BD50B4-9C44-4CA0-8E5E-C5E22CEC9DF0}.Release|Any CPU.Build.0 = Release|Any CPU
		{73BD50B4-9C44-4CA0-8E5E-C5E22CEC9DF0}.Release|Any CPU.Deploy.0 = Release|Any CPU
		{AAA21391-9A46-4981-9103-135A0378E148}.Debug|Any CPU.ActiveCfg = Debug|Any CPU
		{AAA21391-9A46-4981-9103-135A0378E148}.Debug|Any CPU.Build.0 = Debug|Any CPU
		{AAA21391-9A46-4981-9103-135A0378E148}.Release|Any CPU.ActiveCfg = Release|Any CPU
		{AAA21391-9A46-4981-9103-135A0378E148}.Release|Any CPU.Build.0 = Release|Any CPU
	EndGlobalSection
	GlobalSection(SolutionProperties) = preSolution
		HideSolutionNode = FALSE
	EndGlobalSection
	GlobalSection(NestedProjects) = preSolution
		{D0CDE37C-2A42-407C-9BC1-54EE23786DD4} = {3CD71F7F-BBF6-4380-9EC2-D8EB9E6E0364}
		{648738C7-922B-46B4-A40D-2BB25292DF83} = {7ADF018F-53B1-41E8-B7DE-B5C283AAFB81}
		{C6216298-CF38-4033-9F6F-86B22D9ADF77} = {7ADF018F-53B1-41E8-B7DE-B5C283AAFB81}
		{73BD50B4-9C44-4CA0-8E5E-C5E22CEC9DF0} = {7ADF018F-53B1-41E8-B7DE-B5C283AAFB81}
		{AAA21391-9A46-4981-9103-135A0378E148} = {7ADF018F-53B1-41E8-B7DE-B5C283AAFB81}
	EndGlobalSection
	GlobalSection(ExtensibilityGlobals) = postSolution
		SolutionGuid = {61F7FB11-1E47-470C-91E2-47F8143E1572}
	EndGlobalSection
EndGlobal
