
Microsoft Visual Studio Solution File, Format Version 12.00
# Visual Studio Version 17
VisualStudioVersion = 17.0.31611.283
MinimumVisualStudioVersion = 10.0.40219.1
Project("{9A19103F-16F7-4668-BE54-9A1E7A4F7556}") = "SimpleToolkit.SimpleShell", "SimpleToolkit.SimpleShell\SimpleToolkit.SimpleShell.csproj", "{86571D5F-B06F-4708-8394-C96256546203}"
EndProject
Project("{9A19103F-16F7-4668-BE54-9A1E7A4F7556}") = "SimpleToolkit.SimpleShell.Controls", "SimpleToolkit.SimpleShell.Controls\SimpleToolkit.SimpleShell.Controls.csproj", "{EBEE77C4-5F44-41BB-9936-F78DC4560775}"
EndProject
Project("{9A19103F-16F7-4668-BE54-9A1E7A4F7556}") = "Playground.Original", "Playground\Playground.Original\Playground.Original.csproj", "{D0CDE37C-2A42-407C-9BC1-54EE23786DD4}"
EndProject
Project("{9A19103F-16F7-4668-BE54-9A1E7A4F7556}") = "SimpleToolkit.Core", "SimpleToolkit.Core\SimpleToolkit.Core.csproj", "{F38F8824-2D2A-4601-81D5-F1AAD7870928}"
EndProject
Project("{9A19103F-16F7-4668-BE54-9A1E7A4F7556}") = "Sample.SimpleShell", "Samples\Sample.SimpleShell\Sample.SimpleShell.csproj", "{648738C7-922B-46B4-A40D-2BB25292DF83}"
EndProject
Project("{2150E333-8FDC-42A3-9474-1A3956D46DE8}") = "Playground", "Playground", "{3CD71F7F-BBF6-4380-9EC2-D8EB9E6E0364}"
EndProject
Project("{2150E333-8FDC-42A3-9474-1A3956D46DE8}") = "SimpleShell", "SimpleShell", "{AE0FBB53-F83E-4B40-BDE7-C21A33FEF652}"
EndProject
Project("{9A19103F-16F7-4668-BE54-9A1E7A4F7556}") = "Playground.Core", "Playground\SimpleShell\Playground.Core\Playground.Core.csproj", "{8DD2BA5E-49C9-46DE-AC3E-D3D13D0E3998}"
EndProject
Project("{9A19103F-16F7-4668-BE54-9A1E7A4F7556}") = "Playground.NoTabs", "Playground\SimpleShell\Playground.NoTabs\Playground.NoTabs.csproj", "{997D44AB-EA1E-4BC7-B337-72A12AA7E3C7}"
EndProject
Project("{9A19103F-16F7-4668-BE54-9A1E7A4F7556}") = "Playground.ShellItems", "Playground\SimpleShell\Playground.ShellItems\Playground.ShellItems.csproj", "{CF369419-20E7-4866-9317-FE296515895E}"
EndProject
Project("{2150E333-8FDC-42A3-9474-1A3956D46DE8}") = "Samples", "Samples", "{7ADF018F-53B1-41E8-B7DE-B5C283AAFB81}"
EndProject
Project("{9A19103F-16F7-4668-BE54-9A1E7A4F7556}") = "Sample.SimpleShellTopBar", "Samples\Sample.SimpleShellTopBar\Sample.SimpleShellTopBar.csproj", "{C6216298-CF38-4033-9F6F-86B22D9ADF77}"
EndProject
Project("{FAE04EC0-301F-11D3-BF4B-00C04F79EFBC}") = "Playground.Containers", "Playground\SimpleShell\Playground.Containers\Playground.Containers.csproj", "{71E79237-EBBA-423C-BAB8-9B59A6E48C3B}"
EndProject
Global
	GlobalSection(SolutionConfigurationPlatforms) = preSolution
		Debug|Any CPU = Debug|Any CPU
		Release|Any CPU = Release|Any CPU
	EndGlobalSection
	GlobalSection(ProjectConfigurationPlatforms) = postSolution
		{86571D5F-B06F-4708-8394-C96256546203}.Debug|Any CPU.ActiveCfg = Debug|Any CPU
		{86571D5F-B06F-4708-8394-C96256546203}.Debug|Any CPU.Build.0 = Debug|Any CPU
		{86571D5F-B06F-4708-8394-C96256546203}.Release|Any CPU.ActiveCfg = Release|Any CPU
		{86571D5F-B06F-4708-8394-C96256546203}.Release|Any CPU.Build.0 = Release|Any CPU
		{EBEE77C4-5F44-41BB-9936-F78DC4560775}.Debug|Any CPU.ActiveCfg = Debug|Any CPU
		{EBEE77C4-5F44-41BB-9936-F78DC4560775}.Debug|Any CPU.Build.0 = Debug|Any CPU
		{EBEE77C4-5F44-41BB-9936-F78DC4560775}.Release|Any CPU.ActiveCfg = Release|Any CPU
		{EBEE77C4-5F44-41BB-9936-F78DC4560775}.Release|Any CPU.Build.0 = Release|Any CPU
		{D0CDE37C-2A42-407C-9BC1-54EE23786DD4}.Debug|Any CPU.ActiveCfg = Debug|Any CPU
		{D0CDE37C-2A42-407C-9BC1-54EE23786DD4}.Debug|Any CPU.Build.0 = Debug|Any CPU
		{D0CDE37C-2A42-407C-9BC1-54EE23786DD4}.Debug|Any CPU.Deploy.0 = Debug|Any CPU
		{D0CDE37C-2A42-407C-9BC1-54EE23786DD4}.Release|Any CPU.ActiveCfg = Release|Any CPU
		{D0CDE37C-2A42-407C-9BC1-54EE23786DD4}.Release|Any CPU.Build.0 = Release|Any CPU
		{D0CDE37C-2A42-407C-9BC1-54EE23786DD4}.Release|Any CPU.Deploy.0 = Release|Any CPU
		{F38F8824-2D2A-4601-81D5-F1AAD7870928}.Debug|Any CPU.ActiveCfg = Debug|Any CPU
		{F38F8824-2D2A-4601-81D5-F1AAD7870928}.Debug|Any CPU.Build.0 = Debug|Any CPU
		{F38F8824-2D2A-4601-81D5-F1AAD7870928}.Release|Any CPU.ActiveCfg = Release|Any CPU
		{F38F8824-2D2A-4601-81D5-F1AAD7870928}.Release|Any CPU.Build.0 = Release|Any CPU
		{648738C7-922B-46B4-A40D-2BB25292DF83}.Debug|Any CPU.ActiveCfg = Debug|Any CPU
		{648738C7-922B-46B4-A40D-2BB25292DF83}.Debug|Any CPU.Build.0 = Debug|Any CPU
		{648738C7-922B-46B4-A40D-2BB25292DF83}.Debug|Any CPU.Deploy.0 = Debug|Any CPU
		{648738C7-922B-46B4-A40D-2BB25292DF83}.Release|Any CPU.ActiveCfg = Release|Any CPU
		{648738C7-922B-46B4-A40D-2BB25292DF83}.Release|Any CPU.Build.0 = Release|Any CPU
		{8DD2BA5E-49C9-46DE-AC3E-D3D13D0E3998}.Debug|Any CPU.ActiveCfg = Debug|Any CPU
		{8DD2BA5E-49C9-46DE-AC3E-D3D13D0E3998}.Debug|Any CPU.Build.0 = Debug|Any CPU
		{8DD2BA5E-49C9-46DE-AC3E-D3D13D0E3998}.Release|Any CPU.ActiveCfg = Release|Any CPU
		{8DD2BA5E-49C9-46DE-AC3E-D3D13D0E3998}.Release|Any CPU.Build.0 = Release|Any CPU
		{997D44AB-EA1E-4BC7-B337-72A12AA7E3C7}.Debug|Any CPU.ActiveCfg = Debug|Any CPU
		{997D44AB-EA1E-4BC7-B337-72A12AA7E3C7}.Debug|Any CPU.Build.0 = Debug|Any CPU
		{997D44AB-EA1E-4BC7-B337-72A12AA7E3C7}.Debug|Any CPU.Deploy.0 = Debug|Any CPU
		{997D44AB-EA1E-4BC7-B337-72A12AA7E3C7}.Release|Any CPU.ActiveCfg = Release|Any CPU
		{997D44AB-EA1E-4BC7-B337-72A12AA7E3C7}.Release|Any CPU.Build.0 = Release|Any CPU
		{997D44AB-EA1E-4BC7-B337-72A12AA7E3C7}.Release|Any CPU.Deploy.0 = Release|Any CPU
		{CF369419-20E7-4866-9317-FE296515895E}.Debug|Any CPU.ActiveCfg = Debug|Any CPU
		{CF369419-20E7-4866-9317-FE296515895E}.Debug|Any CPU.Build.0 = Debug|Any CPU
		{CF369419-20E7-4866-9317-FE296515895E}.Debug|Any CPU.Deploy.0 = Debug|Any CPU
		{CF369419-20E7-4866-9317-FE296515895E}.Release|Any CPU.ActiveCfg = Release|Any CPU
		{CF369419-20E7-4866-9317-FE296515895E}.Release|Any CPU.Build.0 = Release|Any CPU
		{CF369419-20E7-4866-9317-FE296515895E}.Release|Any CPU.Deploy.0 = Release|Any CPU
		{C6216298-CF38-4033-9F6F-86B22D9ADF77}.Debug|Any CPU.ActiveCfg = Debug|Any CPU
		{C6216298-CF38-4033-9F6F-86B22D9ADF77}.Debug|Any CPU.Build.0 = Debug|Any CPU
		{C6216298-CF38-4033-9F6F-86B22D9ADF77}.Debug|Any CPU.Deploy.0 = Debug|Any CPU
		{C6216298-CF38-4033-9F6F-86B22D9ADF77}.Release|Any CPU.ActiveCfg = Release|Any CPU
		{C6216298-CF38-4033-9F6F-86B22D9ADF77}.Release|Any CPU.Build.0 = Release|Any CPU
		{C6216298-CF38-4033-9F6F-86B22D9ADF77}.Release|Any CPU.Deploy.0 = Release|Any CPU
		{71E79237-EBBA-423C-BAB8-9B59A6E48C3B}.Debug|Any CPU.ActiveCfg = Debug|Any CPU
		{71E79237-EBBA-423C-BAB8-9B59A6E48C3B}.Debug|Any CPU.Build.0 = Debug|Any CPU
		{71E79237-EBBA-423C-BAB8-9B59A6E48C3B}.Debug|Any CPU.Deploy.0 = Debug|Any CPU
		{71E79237-EBBA-423C-BAB8-9B59A6E48C3B}.Release|Any CPU.ActiveCfg = Release|Any CPU
		{71E79237-EBBA-423C-BAB8-9B59A6E48C3B}.Release|Any CPU.Build.0 = Release|Any CPU
		{71E79237-EBBA-423C-BAB8-9B59A6E48C3B}.Release|Any CPU.Deploy.0 = Release|Any CPU
	EndGlobalSection
	GlobalSection(SolutionProperties) = preSolution
		HideSolutionNode = FALSE
	EndGlobalSection
	GlobalSection(NestedProjects) = preSolution
		{D0CDE37C-2A42-407C-9BC1-54EE23786DD4} = {3CD71F7F-BBF6-4380-9EC2-D8EB9E6E0364}
		{648738C7-922B-46B4-A40D-2BB25292DF83} = {7ADF018F-53B1-41E8-B7DE-B5C283AAFB81}
		{AE0FBB53-F83E-4B40-BDE7-C21A33FEF652} = {3CD71F7F-BBF6-4380-9EC2-D8EB9E6E0364}
		{8DD2BA5E-49C9-46DE-AC3E-D3D13D0E3998} = {AE0FBB53-F83E-4B40-BDE7-C21A33FEF652}
		{997D44AB-EA1E-4BC7-B337-72A12AA7E3C7} = {AE0FBB53-F83E-4B40-BDE7-C21A33FEF652}
		{CF369419-20E7-4866-9317-FE296515895E} = {AE0FBB53-F83E-4B40-BDE7-C21A33FEF652}
		{C6216298-CF38-4033-9F6F-86B22D9ADF77} = {7ADF018F-53B1-41E8-B7DE-B5C283AAFB81}
		{71E79237-EBBA-423C-BAB8-9B59A6E48C3B} = {AE0FBB53-F83E-4B40-BDE7-C21A33FEF652}
	EndGlobalSection
	GlobalSection(ExtensibilityGlobals) = postSolution
		SolutionGuid = {61F7FB11-1E47-470C-91E2-47F8143E1572}
	EndGlobalSection
EndGlobal
